// !$*UTF8*$!
{
	archiveVersion = 1;
	classes = {
	};
	objectVersion = 46;
	objects = {

/* Begin PBXBuildFile section */
		9EB6798E15064D9400C4BA76 /* Cocoa.framework in Frameworks */ = {isa = PBXBuildFile; fileRef = 9EB6798D15064D9400C4BA76 /* Cocoa.framework */; };
		9EB6799815064D9400C4BA76 /* InfoPlist.strings in Resources */ = {isa = PBXBuildFile; fileRef = 9EB6799615064D9400C4BA76 /* InfoPlist.strings */; };
		9EB6799A15064D9400C4BA76 /* main.m in Sources */ = {isa = PBXBuildFile; fileRef = 9EB6799915064D9400C4BA76 /* main.m */; };
		9EB6799E15064D9400C4BA76 /* Credits.rtf in Resources */ = {isa = PBXBuildFile; fileRef = 9EB6799C15064D9400C4BA76 /* Credits.rtf */; };
		9EB679A115064D9400C4BA76 /* HZ37_AppDelegate.m in Sources */ = {isa = PBXBuildFile; fileRef = 9EB679A015064D9400C4BA76 /* HZ37_AppDelegate.m */; };
		9EB679A415064D9500C4BA76 /* MainMenu.xib in Resources */ = {isa = PBXBuildFile; fileRef = 9EB679A215064D9500C4BA76 /* MainMenu.xib */; };
/* End PBXBuildFile section */

/* Begin PBXFileReference section */
		9EB6798915064D9400C4BA76 /* Protools music extractor.app */ = {isa = PBXFileReference; explicitFileType = wrapper.application; includeInIndex = 0; path = "Protools music extractor.app"; sourceTree = BUILT_PRODUCTS_DIR; };
		9EB6798D15064D9400C4BA76 /* Cocoa.framework */ = {isa = PBXFileReference; lastKnownFileType = wrapper.framework; name = Cocoa.framework; path = System/Library/Frameworks/Cocoa.framework; sourceTree = SDKROOT; };
		9EB6799015064D9400C4BA76 /* AppKit.framework */ = {isa = PBXFileReference; lastKnownFileType = wrapper.framework; name = AppKit.framework; path = System/Library/Frameworks/AppKit.framework; sourceTree = SDKROOT; };
		9EB6799115064D9400C4BA76 /* CoreData.framework */ = {isa = PBXFileReference; lastKnownFileType = wrapper.framework; name = CoreData.framework; path = System/Library/Frameworks/CoreData.framework; sourceTree = SDKROOT; };
		9EB6799215064D9400C4BA76 /* Foundation.framework */ = {isa = PBXFileReference; lastKnownFileType = wrapper.framework; name = Foundation.framework; path = System/Library/Frameworks/Foundation.framework; sourceTree = SDKROOT; };
		9EB6799515064D9400C4BA76 /* Protools music extractor-Info.plist */ = {isa = PBXFileReference; path = "Protools music extractor-Info.plist"; sourceTree = "<group>"; };
		9EB6799715064D9400C4BA76 /* en */ = {isa = PBXFileReference; lastKnownFileType = text.plist.strings; name = en; path = en.lproj/InfoPlist.strings; sourceTree = "<group>"; };
		9EB6799915064D9400C4BA76 /* main.m */ = {isa = PBXFileReference; lastKnownFileType = sourcecode.c.objc; path = main.m; sourceTree = "<group>"; };
		9EB6799B15064D9400C4BA76 /* Protools music extractor-Prefix.pch */ = {isa = PBXFileReference; path = "Protools music extractor-Prefix.pch"; sourceTree = "<group>"; };
		9EB6799D15064D9400C4BA76 /* en */ = {isa = PBXFileReference; lastKnownFileType = text.rtf; name = en; path = en.lproj/Credits.rtf; sourceTree = "<group>"; };
		9EB6799F15064D9400C4BA76 /* HZ37_AppDelegate.h */ = {isa = PBXFileReference; path = HZ37_AppDelegate.h; sourceTree = "<group>"; };
		9EB679A015064D9400C4BA76 /* HZ37_AppDelegate.m */ = {isa = PBXFileReference; lastKnownFileType = sourcecode.c.objc; path = HZ37_AppDelegate.m; sourceTree = "<group>"; };
		9EB679A315064D9500C4BA76 /* en */ = {isa = PBXFileReference; lastKnownFileType = file.xib; name = en; path = en.lproj/MainMenu.xib; sourceTree = "<group>"; };
/* End PBXFileReference section */

/* Begin PBXFrameworksBuildPhase section */
		9EB6798615064D9400C4BA76 /* Frameworks */ = {
			isa = PBXFrameworksBuildPhase;
			buildActionMask = 2147483647;
			files = (
				9EB6798E15064D9400C4BA76 /* Cocoa.framework in Frameworks */,
			);
			runOnlyForDeploymentPostprocessing = 0;
		};
/* End PBXFrameworksBuildPhase section */

/* Begin PBXGroup section */
		9EB6797E15064D9400C4BA76 = {
			isa = PBXGroup;
			children = (
				9EB6799315064D9400C4BA76 /* Protools music extractor */,
				9EB6798C15064D9400C4BA76 /* Frameworks */,
				9EB6798A15064D9400C4BA76 /* Products */,
			);
			sourceTree = "<group>";
		};
		9EB6798A15064D9400C4BA76 /* Products */ = {
			isa = PBXGroup;
			children = (
				9EB6798915064D9400C4BA76 /* Protools music extractor.app */,
			);
			name = Products;
			sourceTree = "<group>";
		};
		9EB6798C15064D9400C4BA76 /* Frameworks */ = {
			isa = PBXGroup;
			children = (
				9EB6798D15064D9400C4BA76 /* Cocoa.framework */,
				9EB6798F15064D9400C4BA76 /* Other Frameworks */,
			);
			name = Frameworks;
			sourceTree = "<group>";
		};
		9EB6798F15064D9400C4BA76 /* Other Frameworks */ = {
			isa = PBXGroup;
			children = (
				9EB6799015064D9400C4BA76 /* AppKit.framework */,
				9EB6799115064D9400C4BA76 /* CoreData.framework */,
				9EB6799215064D9400C4BA76 /* Foundation.framework */,
			);
			name = "Other Frameworks";
			sourceTree = "<group>";
		};
		9EB6799315064D9400C4BA76 /* Protools music extractor */ = {
			isa = PBXGroup;
			children = (
				9EB6799F15064D9400C4BA76 /* HZ37_AppDelegate.h */,
				9EB679A015064D9400C4BA76 /* HZ37_AppDelegate.m */,
				9EB679A215064D9500C4BA76 /* MainMenu.xib */,
				9EB6799415064D9400C4BA76 /* Supporting Files */,
			);
			path = "Protools music extractor";
			sourceTree = "<group>";
		};
		9EB6799415064D9400C4BA76 /* Supporting Files */ = {
			isa = PBXGroup;
			children = (
				9EB6799515064D9400C4BA76 /* Protools music extractor-Info.plist */,
				9EB6799615064D9400C4BA76 /* InfoPlist.strings */,
				9EB6799915064D9400C4BA76 /* main.m */,
				9EB6799B15064D9400C4BA76 /* Protools music extractor-Prefix.pch */,
				9EB6799C15064D9400C4BA76 /* Credits.rtf */,
			);
			name = "Supporting Files";
			sourceTree = "<group>";
		};
/* End PBXGroup section */

/* Begin PBXNativeTarget section */
		9EB6798815064D9400C4BA76 /* Protools music extractor */ = {
			isa = PBXNativeTarget;
			buildConfigurationList = 9EB679A715064D9500C4BA76 /* Build configuration list for PBXNativeTarget "Protools music extractor" */;
			buildPhases = (
				9EB6798515064D9400C4BA76 /* Sources */,
				9EB6798615064D9400C4BA76 /* Frameworks */,
				9EB6798715064D9400C4BA76 /* Resources */,
			);
			buildRules = (
			);
			dependencies = (
			);
			name = "Protools music extractor";
			productName = "Protools music extractor";
			productReference = 9EB6798915064D9400C4BA76 /* Protools music extractor.app */;
			productType = "com.apple.product-type.application";
		};
/* End PBXNativeTarget section */

/* Begin PBXProject section */
		9EB6798015064D9400C4BA76 /* Project object */ = {
			isa = PBXProject;
			attributes = {
				LastUpgradeCheck = 0420;
				ORGANIZATIONNAME = HZ37Land;
			};
			buildConfigurationList = 9EB6798315064D9400C4BA76 /* Build configuration list for PBXProject "Protools music extractor" */;
			compatibilityVersion = "Xcode 3.2";
			developmentRegion = English;
			hasScannedForEncodings = 0;
			knownRegions = (
				en,
			);
			mainGroup = 9EB6797E15064D9400C4BA76;
			productRefGroup = 9EB6798A15064D9400C4BA76 /* Products */;
			projectDirPath = "";
			projectRoot = "";
			targets = (
				9EB6798815064D9400C4BA76 /* Protools music extractor */,
			);
		};
/* End PBXProject section */

/* Begin PBXResourcesBuildPhase section */
		9EB6798715064D9400C4BA76 /* Resources */ = {
			isa = PBXResourcesBuildPhase;
			buildActionMask = 2147483647;
			files = (
				9EB6799815064D9400C4BA76 /* InfoPlist.strings in Resources */,
				9EB6799E15064D9400C4BA76 /* Credits.rtf in Resources */,
				9EB679A415064D9500C4BA76 /* MainMenu.xib in Resources */,
			);
			runOnlyForDeploymentPostprocessing = 0;
		};
/* End PBXResourcesBuildPhase section */

/* Begin PBXSourcesBuildPhase section */
		9EB6798515064D9400C4BA76 /* Sources */ = {
			isa = PBXSourcesBuildPhase;
			buildActionMask = 2147483647;
			files = (
				9EB6799A15064D9400C4BA76 /* main.m in Sources */,
				9EB679A115064D9400C4BA76 /* HZ37_AppDelegate.m in Sources */,
			);
			runOnlyForDeploymentPostprocessing = 0;
		};
/* End PBXSourcesBuildPhase section */

/* Begin PBXVariantGroup section */
		9EB6799615064D9400C4BA76 /* InfoPlist.strings */ = {
			isa = PBXVariantGroup;
			children = (
				9EB6799715064D9400C4BA76 /* en */,
			);
			name = InfoPlist.strings;
			sourceTree = "<group>";
		};
		9EB6799C15064D9400C4BA76 /* Credits.rtf */ = {
			isa = PBXVariantGroup;
			children = (
				9EB6799D15064D9400C4BA76 /* en */,
			);
			name = Credits.rtf;
			sourceTree = "<group>";
		};
		9EB679A215064D9500C4BA76 /* MainMenu.xib */ = {
			isa = PBXVariantGroup;
			children = (
				9EB679A315064D9500C4BA76 /* en */,
			);
			name = MainMenu.xib;
			sourceTree = "<group>";
		};
/* End PBXVariantGroup section */

/* Begin XCBuildConfiguration section */
		9EB679A515064D9500C4BA76 /* Debug */ = {
			isa = XCBuildConfiguration;
			buildSettings = {
				ALWAYS_SEARCH_USER_PATHS = NO;
				ARCHS = "$(ARCHS_STANDARD_64_BIT)";
				CLANG_ENABLE_OBJC_ARC = YES;
				COPY_PHASE_STRIP = NO;
				GCC_C_LANGUAGE_STANDARD = gnu99;
				GCC_DYNAMIC_NO_PIC = NO;
				GCC_ENABLE_OBJC_EXCEPTIONS = YES;
				GCC_OPTIMIZATION_LEVEL = 0;
				GCC_PREPROCESSOR_DEFINITIONS = (
					"DEBUG=1",
					"$(inherited)",
				);
				GCC_SYMBOLS_PRIVATE_EXTERN = NO;
				GCC_VERSION = com.apple.compilers.llvm.clang.1_0;
				GCC_WARN_64_TO_32_BIT_CONVERSION = YES;
				GCC_WARN_ABOUT_MISSING_PROTOTYPES = YES;
				GCC_WARN_ABOUT_RETURN_TYPE = YES;
				GCC_WARN_UNUSED_VARIABLE = YES;
				MACOSX_DEPLOYMENT_TARGET = 10.7;
				ONLY_ACTIVE_ARCH = YES;
				SDKROOT = macosx;
			};
			name = Debug;
		};
		9EB679A615064D9500C4BA76 /* Release */ = {
			isa = XCBuildConfiguration;
			buildSettings = {
				ALWAYS_SEARCH_USER_PATHS = NO;
				ARCHS = "$(ARCHS_STANDARD_64_BIT)";
				CLANG_ENABLE_OBJC_ARC = YES;
				COPY_PHASE_STRIP = YES;
				DEBUG_INFORMATION_FORMAT = "dwarf-with-dsym";
				GCC_C_LANGUAGE_STANDARD = gnu99;
				GCC_ENABLE_OBJC_EXCEPTIONS = YES;
				GCC_VERSION = com.apple.compilers.llvm.clang.1_0;
				GCC_WARN_64_TO_32_BIT_CONVERSION = YES;
				GCC_WARN_ABOUT_MISSING_PROTOTYPES = YES;
				GCC_WARN_ABOUT_RETURN_TYPE = YES;
				GCC_WARN_UNUSED_VARIABLE = YES;
				MACOSX_DEPLOYMENT_TARGET = 10.7;
				SDKROOT = macosx;
			};
			name = Release;
		};
		9EB679A815064D9500C4BA76 /* Debug */ = {
			isa = XCBuildConfiguration;
			buildSettings = {
				GCC_PRECOMPILE_PREFIX_HEADER = YES;
				GCC_PREFIX_HEADER = "Protools music extractor/Protools music extractor-Prefix.pch";
				INFOPLIST_FILE = "Protools music extractor/Protools music extractor-Info.plist";
				PRODUCT_NAME = "$(TARGET_NAME)";
				WRAPPER_EXTENSION = app;
			};
			name = Debug;
		};
		9EB679A915064D9500C4BA76 /* Release */ = {
			isa = XCBuildConfiguration;
			buildSettings = {
				GCC_PRECOMPILE_PREFIX_HEADER = YES;
				GCC_PREFIX_HEADER = "Protools music extractor/Protools music extractor-Prefix.pch";
				INFOPLIST_FILE = "Protools music extractor/Protools music extractor-Info.plist";
				PRODUCT_NAME = "$(TARGET_NAME)";
				WRAPPER_EXTENSION = app;
			};
			name = Release;
		};
/* End XCBuildConfiguration section */

/* Begin XCConfigurationList section */
		9EB6798315064D9400C4BA76 /* Build configuration list for PBXProject "Protools music extractor" */ = {
			isa = XCConfigurationList;
			buildConfigurations = (
				9EB679A515064D9500C4BA76 /* Debug */,
				9EB679A615064D9500C4BA76 /* Release */,
			);
			defaultConfigurationIsVisible = 0;
			defaultConfigurationName = Release;
		};
		9EB679A715064D9500C4BA76 /* Build configuration list for PBXNativeTarget "Protools music extractor" */ = {
			isa = XCConfigurationList;
			buildConfigurations = (
				9EB679A815064D9500C4BA76 /* Debug */,
				9EB679A915064D9500C4BA76 /* Release */,
			);
			defaultConfigurationIsVisible = 0;
		};
/* End XCConfigurationList section */
	};
	rootObject = 9EB6798015064D9400C4BA76 /* Project object */;
}
